// !$*UTF8*$!
{
	archiveVersion = 1;
	classes = {
	};
	objectVersion = 56;
	objects = {

/* Begin PBXBuildFile section */
		6314A1ECB07C84464C570A29 /* Pods_ios_swift_clean_architecture.framework in Frameworks */ = {isa = PBXBuildFile; fileRef = FAD53D24EFF85A99EC19194F /* Pods_ios_swift_clean_architecture.framework */; };
		8C309E312B95D32200F2795E /* AppDelegate.swift in Sources */ = {isa = PBXBuildFile; fileRef = 8C309E302B95D32200F2795E /* AppDelegate.swift */; };
		8C309E382B95D32200F2795E /* Main.storyboard in Resources */ = {isa = PBXBuildFile; fileRef = 8C309E362B95D32200F2795E /* Main.storyboard */; };
		8C309E3A2B95D32700F2795E /* Assets.xcassets in Resources */ = {isa = PBXBuildFile; fileRef = 8C309E392B95D32700F2795E /* Assets.xcassets */; };
		8C309E3D2B95D32700F2795E /* LaunchScreen.storyboard in Resources */ = {isa = PBXBuildFile; fileRef = 8C309E3B2B95D32700F2795E /* LaunchScreen.storyboard */; };
		8C309E462B95D69000F2795E /* Storyboard.swift in Sources */ = {isa = PBXBuildFile; fileRef = 8C309E452B95D69000F2795E /* Storyboard.swift */; };
		8C309E4C2B95D70600F2795E /* Config.swift in Sources */ = {isa = PBXBuildFile; fileRef = 8C309E4B2B95D70600F2795E /* Config.swift */; };
		8C309E4F2B95D74600F2795E /* RestApi.swift in Sources */ = {isa = PBXBuildFile; fileRef = 8C309E4E2B95D74600F2795E /* RestApi.swift */; };
		8C309E522B95D97700F2795E /* PhotoNavigator.swift in Sources */ = {isa = PBXBuildFile; fileRef = 8C309E512B95D97700F2795E /* PhotoNavigator.swift */; };
		8C309E5A2B95DA9F00F2795E /* PhotoViewModel.swift in Sources */ = {isa = PBXBuildFile; fileRef = 8C309E592B95DA9F00F2795E /* PhotoViewModel.swift */; };
		8C309E5C2B95DAAC00F2795E /* PhotoListViewController.swift in Sources */ = {isa = PBXBuildFile; fileRef = 8C309E5B2B95DAAC00F2795E /* PhotoListViewController.swift */; };
		8C309E5E2B95DAD400F2795E /* Photo.storyboard in Resources */ = {isa = PBXBuildFile; fileRef = 8C309E5D2B95DAD400F2795E /* Photo.storyboard */; };
		8C309E612B95DF4200F2795E /* PhotoDataSourceImpl.swift in Sources */ = {isa = PBXBuildFile; fileRef = 8C309E602B95DF4200F2795E /* PhotoDataSourceImpl.swift */; };
		8C309E642B95DF7E00F2795E /* PhotoRepositoryImpl.swift in Sources */ = {isa = PBXBuildFile; fileRef = 8C309E632B95DF7E00F2795E /* PhotoRepositoryImpl.swift */; };
		8C309E682B95DFE200F2795E /* PhotoUseCase.swift in Sources */ = {isa = PBXBuildFile; fileRef = 8C309E672B95DFE200F2795E /* PhotoUseCase.swift */; };
		8C309E6A2B95E00900F2795E /* Photo.swift in Sources */ = {isa = PBXBuildFile; fileRef = 8C309E692B95E00900F2795E /* Photo.swift */; };
		8C309E6D2B96BD5200F2795E /* Resolver.swift in Sources */ = {isa = PBXBuildFile; fileRef = 8C309E6C2B96BD5200F2795E /* Resolver.swift */; };
		8C309E722B96F7F600F2795E /* PhotoCell.swift in Sources */ = {isa = PBXBuildFile; fileRef = 8C309E702B96F7F600F2795E /* PhotoCell.swift */; };
		8C309E732B96F7F600F2795E /* PhotoCell.xib in Resources */ = {isa = PBXBuildFile; fileRef = 8C309E712B96F7F600F2795E /* PhotoCell.xib */; };
/* End PBXBuildFile section */

/* Begin PBXFileReference section */
		8C309E2D2B95D32200F2795E /* ios_swift_clean_architecture.app */ = {isa = PBXFileReference; explicitFileType = wrapper.application; includeInIndex = 0; path = ios_swift_clean_architecture.app; sourceTree = BUILT_PRODUCTS_DIR; };
		8C309E302B95D32200F2795E /* AppDelegate.swift */ = {isa = PBXFileReference; lastKnownFileType = sourcecode.swift; path = AppDelegate.swift; sourceTree = "<group>"; };
		8C309E372B95D32200F2795E /* Base */ = {isa = PBXFileReference; lastKnownFileType = file.storyboard; name = Base; path = Base.lproj/Main.storyboard; sourceTree = "<group>"; };
		8C309E392B95D32700F2795E /* Assets.xcassets */ = {isa = PBXFileReference; lastKnownFileType = folder.assetcatalog; path = Assets.xcassets; sourceTree = "<group>"; };
		8C309E3C2B95D32700F2795E /* Base */ = {isa = PBXFileReference; lastKnownFileType = file.storyboard; name = Base; path = Base.lproj/LaunchScreen.storyboard; sourceTree = "<group>"; };
		8C309E3E2B95D32700F2795E /* Info.plist */ = {isa = PBXFileReference; lastKnownFileType = text.plist.xml; path = Info.plist; sourceTree = "<group>"; };
		8C309E452B95D69000F2795E /* Storyboard.swift */ = {isa = PBXFileReference; lastKnownFileType = sourcecode.swift; path = Storyboard.swift; sourceTree = "<group>"; };
		8C309E4B2B95D70600F2795E /* Config.swift */ = {isa = PBXFileReference; lastKnownFileType = sourcecode.swift; path = Config.swift; sourceTree = "<group>"; };
		8C309E4E2B95D74600F2795E /* RestApi.swift */ = {isa = PBXFileReference; lastKnownFileType = sourcecode.swift; path = RestApi.swift; sourceTree = "<group>"; };
		8C309E512B95D97700F2795E /* PhotoNavigator.swift */ = {isa = PBXFileReference; lastKnownFileType = sourcecode.swift; path = PhotoNavigator.swift; sourceTree = "<group>"; };
		8C309E592B95DA9F00F2795E /* PhotoViewModel.swift */ = {isa = PBXFileReference; lastKnownFileType = sourcecode.swift; path = PhotoViewModel.swift; sourceTree = "<group>"; };
		8C309E5B2B95DAAC00F2795E /* PhotoListViewController.swift */ = {isa = PBXFileReference; lastKnownFileType = sourcecode.swift; path = PhotoListViewController.swift; sourceTree = "<group>"; };
		8C309E5D2B95DAD400F2795E /* Photo.storyboard */ = {isa = PBXFileReference; lastKnownFileType = file.storyboard; path = Photo.storyboard; sourceTree = "<group>"; };
		8C309E602B95DF4200F2795E /* PhotoDataSourceImpl.swift */ = {isa = PBXFileReference; lastKnownFileType = sourcecode.swift; path = PhotoDataSourceImpl.swift; sourceTree = "<group>"; };
		8C309E632B95DF7E00F2795E /* PhotoRepositoryImpl.swift */ = {isa = PBXFileReference; lastKnownFileType = sourcecode.swift; path = PhotoRepositoryImpl.swift; sourceTree = "<group>"; };
		8C309E672B95DFE200F2795E /* PhotoUseCase.swift */ = {isa = PBXFileReference; lastKnownFileType = sourcecode.swift; path = PhotoUseCase.swift; sourceTree = "<group>"; };
		8C309E692B95E00900F2795E /* Photo.swift */ = {isa = PBXFileReference; lastKnownFileType = sourcecode.swift; path = Photo.swift; sourceTree = "<group>"; };
		8C309E6C2B96BD5200F2795E /* Resolver.swift */ = {isa = PBXFileReference; lastKnownFileType = sourcecode.swift; path = Resolver.swift; sourceTree = "<group>"; };
		8C309E702B96F7F600F2795E /* PhotoCell.swift */ = {isa = PBXFileReference; lastKnownFileType = sourcecode.swift; path = PhotoCell.swift; sourceTree = "<group>"; };
		8C309E712B96F7F600F2795E /* PhotoCell.xib */ = {isa = PBXFileReference; lastKnownFileType = file.xib; path = PhotoCell.xib; sourceTree = "<group>"; };
		9512E01A1989F1F2D5A31B7B /* Pods-ios_swift_clean_architecture.release.xcconfig */ = {isa = PBXFileReference; includeInIndex = 1; lastKnownFileType = text.xcconfig; name = "Pods-ios_swift_clean_architecture.release.xcconfig"; path = "Target Support Files/Pods-ios_swift_clean_architecture/Pods-ios_swift_clean_architecture.release.xcconfig"; sourceTree = "<group>"; };
		B254480486C2022830F6FABD /* Pods-ios_swift_clean_architecture.debug.xcconfig */ = {isa = PBXFileReference; includeInIndex = 1; lastKnownFileType = text.xcconfig; name = "Pods-ios_swift_clean_architecture.debug.xcconfig"; path = "Target Support Files/Pods-ios_swift_clean_architecture/Pods-ios_swift_clean_architecture.debug.xcconfig"; sourceTree = "<group>"; };
		FAD53D24EFF85A99EC19194F /* Pods_ios_swift_clean_architecture.framework */ = {isa = PBXFileReference; explicitFileType = wrapper.framework; includeInIndex = 0; path = Pods_ios_swift_clean_architecture.framework; sourceTree = BUILT_PRODUCTS_DIR; };
/* End PBXFileReference section */

/* Begin PBXFrameworksBuildPhase section */
		8C309E2A2B95D32200F2795E /* Frameworks */ = {
			isa = PBXFrameworksBuildPhase;
			buildActionMask = 2147483647;
			files = (
				6314A1ECB07C84464C570A29 /* Pods_ios_swift_clean_architecture.framework in Frameworks */,
			);
			runOnlyForDeploymentPostprocessing = 0;
		};
/* End PBXFrameworksBuildPhase section */

/* Begin PBXGroup section */
		8C309E242B95D32200F2795E = {
			isa = PBXGroup;
			children = (
				8C309E2F2B95D32200F2795E /* ios_swift_clean_architecture */,
				8C309E2E2B95D32200F2795E /* Products */,
				C1C7100615994B699636DD2A /* Pods */,
				DDAE689BFD35BFA119D054C2 /* Frameworks */,
			);
			sourceTree = "<group>";
		};
		8C309E2E2B95D32200F2795E /* Products */ = {
			isa = PBXGroup;
			children = (
				8C309E2D2B95D32200F2795E /* ios_swift_clean_architecture.app */,
			);
			name = Products;
			sourceTree = "<group>";
		};
		8C309E2F2B95D32200F2795E /* ios_swift_clean_architecture */ = {
			isa = PBXGroup;
			children = (
				8C309E6B2B96BD3900F2795E /* DI */,
				8C309E492B95D6E200F2795E /* Presentation */,
				8C309E482B95D6D200F2795E /* Domain */,
				8C309E472B95D6C400F2795E /* Data */,
				8C309E442B95D67A00F2795E /* Common */,
				8C309E302B95D32200F2795E /* AppDelegate.swift */,
				8C309E362B95D32200F2795E /* Main.storyboard */,
				8C309E392B95D32700F2795E /* Assets.xcassets */,
				8C309E3B2B95D32700F2795E /* LaunchScreen.storyboard */,
				8C309E3E2B95D32700F2795E /* Info.plist */,
			);
			path = ios_swift_clean_architecture;
			sourceTree = "<group>";
		};
		8C309E442B95D67A00F2795E /* Common */ = {
			isa = PBXGroup;
			children = (
				8C309E452B95D69000F2795E /* Storyboard.swift */,
			);
			path = Common;
			sourceTree = "<group>";
		};
		8C309E472B95D6C400F2795E /* Data */ = {
			isa = PBXGroup;
			children = (
				8C309E622B95DF6400F2795E /* Repositories */,
				8C309E5F2B95DF2300F2795E /* Datasources */,
				8C309E4D2B95D72800F2795E /* Gateway */,
				8C309E4A2B95D6F400F2795E /* Config */,
			);
			path = Data;
			sourceTree = "<group>";
		};
		8C309E482B95D6D200F2795E /* Domain */ = {
			isa = PBXGroup;
			children = (
				8C309E662B95DFD100F2795E /* UseCases */,
				8C309E652B95DFC700F2795E /* Entities */,
			);
			path = Domain;
			sourceTree = "<group>";
		};
		8C309E492B95D6E200F2795E /* Presentation */ = {
			isa = PBXGroup;
			children = (
				8C309E532B95D9B300F2795E /* Scenes */,
				8C309E502B95D95600F2795E /* Routers */,
			);
			path = Presentation;
			sourceTree = "<group>";
		};
		8C309E4A2B95D6F400F2795E /* Config */ = {
			isa = PBXGroup;
			children = (
				8C309E4B2B95D70600F2795E /* Config.swift */,
			);
			path = Config;
			sourceTree = "<group>";
		};
		8C309E4D2B95D72800F2795E /* Gateway */ = {
			isa = PBXGroup;
			children = (
				8C309E4E2B95D74600F2795E /* RestApi.swift */,
			);
			path = Gateway;
			sourceTree = "<group>";
		};
		8C309E502B95D95600F2795E /* Routers */ = {
			isa = PBXGroup;
			children = (
				8C309E512B95D97700F2795E /* PhotoNavigator.swift */,
			);
			path = Routers;
			sourceTree = "<group>";
		};
		8C309E532B95D9B300F2795E /* Scenes */ = {
			isa = PBXGroup;
			children = (
				8C309E542B95DA5300F2795E /* Photo */,
			);
			path = Scenes;
			sourceTree = "<group>";
		};
		8C309E542B95DA5300F2795E /* Photo */ = {
			isa = PBXGroup;
			children = (
				8C309E552B95DA6500F2795E /* PhotoList */,
			);
			path = Photo;
			sourceTree = "<group>";
		};
		8C309E552B95DA6500F2795E /* PhotoList */ = {
			isa = PBXGroup;
			children = (
				8C309E5B2B95DAAC00F2795E /* PhotoListViewController.swift */,
				8C309E592B95DA9F00F2795E /* PhotoViewModel.swift */,
				8C309E5D2B95DAD400F2795E /* Photo.storyboard */,
				8C309E562B95DA7200F2795E /* Views */,
			);
			path = PhotoList;
			sourceTree = "<group>";
		};
		8C309E562B95DA7200F2795E /* Views */ = {
			isa = PBXGroup;
			children = (
				8C309E702B96F7F600F2795E /* PhotoCell.swift */,
				8C309E712B96F7F600F2795E /* PhotoCell.xib */,
			);
			path = Views;
			sourceTree = "<group>";
		};
		8C309E5F2B95DF2300F2795E /* Datasources */ = {
			isa = PBXGroup;
			children = (
				8C309E602B95DF4200F2795E /* PhotoDataSourceImpl.swift */,
			);
			path = Datasources;
			sourceTree = "<group>";
		};
		8C309E622B95DF6400F2795E /* Repositories */ = {
			isa = PBXGroup;
			children = (
				8C309E632B95DF7E00F2795E /* PhotoRepositoryImpl.swift */,
			);
			path = Repositories;
			sourceTree = "<group>";
		};
		8C309E652B95DFC700F2795E /* Entities */ = {
			isa = PBXGroup;
			children = (
				8C309E692B95E00900F2795E /* Photo.swift */,
			);
			path = Entities;
			sourceTree = "<group>";
		};
		8C309E662B95DFD100F2795E /* UseCases */ = {
			isa = PBXGroup;
			children = (
				8C309E672B95DFE200F2795E /* PhotoUseCase.swift */,
			);
			path = UseCases;
			sourceTree = "<group>";
		};
		8C309E6B2B96BD3900F2795E /* DI */ = {
			isa = PBXGroup;
			children = (
				8C309E6C2B96BD5200F2795E /* Resolver.swift */,
			);
			path = DI;
			sourceTree = "<group>";
		};
		C1C7100615994B699636DD2A /* Pods */ = {
			isa = PBXGroup;
			children = (
				B254480486C2022830F6FABD /* Pods-ios_swift_clean_architecture.debug.xcconfig */,
				9512E01A1989F1F2D5A31B7B /* Pods-ios_swift_clean_architecture.release.xcconfig */,
			);
			path = Pods;
			sourceTree = "<group>";
		};
		DDAE689BFD35BFA119D054C2 /* Frameworks */ = {
			isa = PBXGroup;
			children = (
				FAD53D24EFF85A99EC19194F /* Pods_ios_swift_clean_architecture.framework */,
			);
			name = Frameworks;
			sourceTree = "<group>";
		};
/* End PBXGroup section */

/* Begin PBXNativeTarget section */
		8C309E2C2B95D32200F2795E /* ios_swift_clean_architecture */ = {
			isa = PBXNativeTarget;
			buildConfigurationList = 8C309E412B95D32700F2795E /* Build configuration list for PBXNativeTarget "ios_swift_clean_architecture" */;
			buildPhases = (
				A069B44B23FBC3ADD0BAB084 /* [CP] Check Pods Manifest.lock */,
				8C309E292B95D32200F2795E /* Sources */,
				8C309E2A2B95D32200F2795E /* Frameworks */,
				8C309E2B2B95D32200F2795E /* Resources */,
				F5A7B7D05721C8EA087FE28B /* [CP] Embed Pods Frameworks */,
			);
			buildRules = (
			);
			dependencies = (
			);
			name = ios_swift_clean_architecture;
			productName = ios_swift_clean_architecture;
			productReference = 8C309E2D2B95D32200F2795E /* ios_swift_clean_architecture.app */;
			productType = "com.apple.product-type.application";
		};
/* End PBXNativeTarget section */

/* Begin PBXProject section */
		8C309E252B95D32200F2795E /* Project object */ = {
			isa = PBXProject;
			attributes = {
				BuildIndependentTargetsInParallel = 1;
				LastSwiftUpdateCheck = 1420;
				LastUpgradeCheck = 1420;
				TargetAttributes = {
					8C309E2C2B95D32200F2795E = {
						CreatedOnToolsVersion = 14.2;
					};
				};
			};
			buildConfigurationList = 8C309E282B95D32200F2795E /* Build configuration list for PBXProject "ios_swift_clean_architecture" */;
			compatibilityVersion = "Xcode 14.0";
			developmentRegion = en;
			hasScannedForEncodings = 0;
			knownRegions = (
				en,
				Base,
			);
			mainGroup = 8C309E242B95D32200F2795E;
			productRefGroup = 8C309E2E2B95D32200F2795E /* Products */;
			projectDirPath = "";
			projectRoot = "";
			targets = (
				8C309E2C2B95D32200F2795E /* ios_swift_clean_architecture */,
			);
		};
/* End PBXProject section */

/* Begin PBXResourcesBuildPhase section */
		8C309E2B2B95D32200F2795E /* Resources */ = {
			isa = PBXResourcesBuildPhase;
			buildActionMask = 2147483647;
			files = (
				8C309E3D2B95D32700F2795E /* LaunchScreen.storyboard in Resources */,
				8C309E5E2B95DAD400F2795E /* Photo.storyboard in Resources */,
				8C309E3A2B95D32700F2795E /* Assets.xcassets in Resources */,
				8C309E382B95D32200F2795E /* Main.storyboard in Resources */,
				8C309E732B96F7F600F2795E /* PhotoCell.xib in Resources */,
			);
			runOnlyForDeploymentPostprocessing = 0;
		};
/* End PBXResourcesBuildPhase section */

/* Begin PBXShellScriptBuildPhase section */
		A069B44B23FBC3ADD0BAB084 /* [CP] Check Pods Manifest.lock */ = {
			isa = PBXShellScriptBuildPhase;
			buildActionMask = 2147483647;
			files = (
			);
			inputFileListPaths = (
			);
			inputPaths = (
				"${PODS_PODFILE_DIR_PATH}/Podfile.lock",
				"${PODS_ROOT}/Manifest.lock",
			);
			name = "[CP] Check Pods Manifest.lock";
			outputFileListPaths = (
			);
			outputPaths = (
				"$(DERIVED_FILE_DIR)/Pods-ios_swift_clean_architecture-checkManifestLockResult.txt",
			);
			runOnlyForDeploymentPostprocessing = 0;
			shellPath = /bin/sh;
			shellScript = "diff \"${PODS_PODFILE_DIR_PATH}/Podfile.lock\" \"${PODS_ROOT}/Manifest.lock\" > /dev/null\nif [ $? != 0 ] ; then\n    # print error to STDERR\n    echo \"error: The sandbox is not in sync with the Podfile.lock. Run 'pod install' or update your CocoaPods installation.\" >&2\n    exit 1\nfi\n# This output is used by Xcode 'outputs' to avoid re-running this script phase.\necho \"SUCCESS\" > \"${SCRIPT_OUTPUT_FILE_0}\"\n";
			showEnvVarsInLog = 0;
		};
		F5A7B7D05721C8EA087FE28B /* [CP] Embed Pods Frameworks */ = {
			isa = PBXShellScriptBuildPhase;
			buildActionMask = 2147483647;
			files = (
			);
			inputFileListPaths = (
				"${PODS_ROOT}/Target Support Files/Pods-ios_swift_clean_architecture/Pods-ios_swift_clean_architecture-frameworks-${CONFIGURATION}-input-files.xcfilelist",
			);
			name = "[CP] Embed Pods Frameworks";
			outputFileListPaths = (
				"${PODS_ROOT}/Target Support Files/Pods-ios_swift_clean_architecture/Pods-ios_swift_clean_architecture-frameworks-${CONFIGURATION}-output-files.xcfilelist",
			);
			runOnlyForDeploymentPostprocessing = 0;
			shellPath = /bin/sh;
			shellScript = "\"${PODS_ROOT}/Target Support Files/Pods-ios_swift_clean_architecture/Pods-ios_swift_clean_architecture-frameworks.sh\"\n";
			showEnvVarsInLog = 0;
		};
/* End PBXShellScriptBuildPhase section */

/* Begin PBXSourcesBuildPhase section */
		8C309E292B95D32200F2795E /* Sources */ = {
			isa = PBXSourcesBuildPhase;
			buildActionMask = 2147483647;
			files = (
				8C309E4F2B95D74600F2795E /* RestApi.swift in Sources */,
				8C309E522B95D97700F2795E /* PhotoNavigator.swift in Sources */,
				8C309E682B95DFE200F2795E /* PhotoUseCase.swift in Sources */,
				8C309E6D2B96BD5200F2795E /* Resolver.swift in Sources */,
				8C309E4C2B95D70600F2795E /* Config.swift in Sources */,
				8C309E612B95DF4200F2795E /* PhotoDataSourceImpl.swift in Sources */,
				8C309E722B96F7F600F2795E /* PhotoCell.swift in Sources */,
				8C309E5A2B95DA9F00F2795E /* PhotoViewModel.swift in Sources */,
				8C309E5C2B95DAAC00F2795E /* PhotoListViewController.swift in Sources */,
				8C309E6A2B95E00900F2795E /* Photo.swift in Sources */,
				8C309E642B95DF7E00F2795E /* PhotoRepositoryImpl.swift in Sources */,
				8C309E462B95D69000F2795E /* Storyboard.swift in Sources */,
				8C309E312B95D32200F2795E /* AppDelegate.swift in Sources */,
			);
			runOnlyForDeploymentPostprocessing = 0;
		};
/* End PBXSourcesBuildPhase section */

/* Begin PBXVariantGroup section */
		8C309E362B95D32200F2795E /* Main.storyboard */ = {
			isa = PBXVariantGroup;
			children = (
				8C309E372B95D32200F2795E /* Base */,
			);
			name = Main.storyboard;
			sourceTree = "<group>";
		};
		8C309E3B2B95D32700F2795E /* LaunchScreen.storyboard */ = {
			isa = PBXVariantGroup;
			children = (
				8C309E3C2B95D32700F2795E /* Base */,
			);
			name = LaunchScreen.storyboard;
			sourceTree = "<group>";
		};
/* End PBXVariantGroup section */

/* Begin XCBuildConfiguration section */
		8C309E3F2B95D32700F2795E /* Debug */ = {
			isa = XCBuildConfiguration;
			buildSettings = {
				ALWAYS_SEARCH_USER_PATHS = NO;
				CLANG_ANALYZER_NONNULL = YES;
				CLANG_ANALYZER_NUMBER_OBJECT_CONVERSION = YES_AGGRESSIVE;
				CLANG_CXX_LANGUAGE_STANDARD = "gnu++20";
				CLANG_ENABLE_MODULES = YES;
				CLANG_ENABLE_OBJC_ARC = YES;
				CLANG_ENABLE_OBJC_WEAK = YES;
				CLANG_WARN_BLOCK_CAPTURE_AUTORELEASING = YES;
				CLANG_WARN_BOOL_CONVERSION = YES;
				CLANG_WARN_COMMA = YES;
				CLANG_WARN_CONSTANT_CONVERSION = YES;
				CLANG_WARN_DEPRECATED_OBJC_IMPLEMENTATIONS = YES;
				CLANG_WARN_DIRECT_OBJC_ISA_USAGE = YES_ERROR;
				CLANG_WARN_DOCUMENTATION_COMMENTS = YES;
				CLANG_WARN_EMPTY_BODY = YES;
				CLANG_WARN_ENUM_CONVERSION = YES;
				CLANG_WARN_INFINITE_RECURSION = YES;
				CLANG_WARN_INT_CONVERSION = YES;
				CLANG_WARN_NON_LITERAL_NULL_CONVERSION = YES;
				CLANG_WARN_OBJC_IMPLICIT_RETAIN_SELF = YES;
				CLANG_WARN_OBJC_LITERAL_CONVERSION = YES;
				CLANG_WARN_OBJC_ROOT_CLASS = YES_ERROR;
				CLANG_WARN_QUOTED_INCLUDE_IN_FRAMEWORK_HEADER = YES;
				CLANG_WARN_RANGE_LOOP_ANALYSIS = YES;
				CLANG_WARN_STRICT_PROTOTYPES = YES;
				CLANG_WARN_SUSPICIOUS_MOVE = YES;
				CLANG_WARN_UNGUARDED_AVAILABILITY = YES_AGGRESSIVE;
				CLANG_WARN_UNREACHABLE_CODE = YES;
				CLANG_WARN__DUPLICATE_METHOD_MATCH = YES;
				COPY_PHASE_STRIP = NO;
				DEBUG_INFORMATION_FORMAT = dwarf;
				ENABLE_STRICT_OBJC_MSGSEND = YES;
				ENABLE_TESTABILITY = YES;
				GCC_C_LANGUAGE_STANDARD = gnu11;
				GCC_DYNAMIC_NO_PIC = NO;
				GCC_NO_COMMON_BLOCKS = YES;
				GCC_OPTIMIZATION_LEVEL = 0;
				GCC_PREPROCESSOR_DEFINITIONS = (
					"DEBUG=1",
					"$(inherited)",
				);
				GCC_WARN_64_TO_32_BIT_CONVERSION = YES;
				GCC_WARN_ABOUT_RETURN_TYPE = YES_ERROR;
				GCC_WARN_UNDECLARED_SELECTOR = YES;
				GCC_WARN_UNINITIALIZED_AUTOS = YES_AGGRESSIVE;
				GCC_WARN_UNUSED_FUNCTION = YES;
				GCC_WARN_UNUSED_VARIABLE = YES;
				IPHONEOS_DEPLOYMENT_TARGET = 16.2;
				MTL_ENABLE_DEBUG_INFO = INCLUDE_SOURCE;
				MTL_FAST_MATH = YES;
				ONLY_ACTIVE_ARCH = YES;
				SDKROOT = iphoneos;
				SWIFT_ACTIVE_COMPILATION_CONDITIONS = DEBUG;
				SWIFT_OPTIMIZATION_LEVEL = "-Onone";
			};
			name = Debug;
		};
		8C309E402B95D32700F2795E /* Release */ = {
			isa = XCBuildConfiguration;
			buildSettings = {
				ALWAYS_SEARCH_USER_PATHS = NO;
				CLANG_ANALYZER_NONNULL = YES;
				CLANG_ANALYZER_NUMBER_OBJECT_CONVERSION = YES_AGGRESSIVE;
				CLANG_CXX_LANGUAGE_STANDARD = "gnu++20";
				CLANG_ENABLE_MODULES = YES;
				CLANG_ENABLE_OBJC_ARC = YES;
				CLANG_ENABLE_OBJC_WEAK = YES;
				CLANG_WARN_BLOCK_CAPTURE_AUTORELEASING = YES;
				CLANG_WARN_BOOL_CONVERSION = YES;
				CLANG_WARN_COMMA = YES;
				CLANG_WARN_CONSTANT_CONVERSION = YES;
				CLANG_WARN_DEPRECATED_OBJC_IMPLEMENTATIONS = YES;
				CLANG_WARN_DIRECT_OBJC_ISA_USAGE = YES_ERROR;
				CLANG_WARN_DOCUMENTATION_COMMENTS = YES;
				CLANG_WARN_EMPTY_BODY = YES;
				CLANG_WARN_ENUM_CONVERSION = YES;
				CLANG_WARN_INFINITE_RECURSION = YES;
				CLANG_WARN_INT_CONVERSION = YES;
				CLANG_WARN_NON_LITERAL_NULL_CONVERSION = YES;
				CLANG_WARN_OBJC_IMPLICIT_RETAIN_SELF = YES;
				CLANG_WARN_OBJC_LITERAL_CONVERSION = YES;
				CLANG_WARN_OBJC_ROOT_CLASS = YES_ERROR;
				CLANG_WARN_QUOTED_INCLUDE_IN_FRAMEWORK_HEADER = YES;
				CLANG_WARN_RANGE_LOOP_ANALYSIS = YES;
				CLANG_WARN_STRICT_PROTOTYPES = YES;
				CLANG_WARN_SUSPICIOUS_MOVE = YES;
				CLANG_WARN_UNGUARDED_AVAILABILITY = YES_AGGRESSIVE;
				CLANG_WARN_UNREACHABLE_CODE = YES;
				CLANG_WARN__DUPLICATE_METHOD_MATCH = YES;
				COPY_PHASE_STRIP = NO;
				DEBUG_INFORMATION_FORMAT = "dwarf-with-dsym";
				ENABLE_NS_ASSERTIONS = NO;
				ENABLE_STRICT_OBJC_MSGSEND = YES;
				GCC_C_LANGUAGE_STANDARD = gnu11;
				GCC_NO_COMMON_BLOCKS = YES;
				GCC_WARN_64_TO_32_BIT_CONVERSION = YES;
				GCC_WARN_ABOUT_RETURN_TYPE = YES_ERROR;
				GCC_WARN_UNDECLARED_SELECTOR = YES;
				GCC_WARN_UNINITIALIZED_AUTOS = YES_AGGRESSIVE;
				GCC_WARN_UNUSED_FUNCTION = YES;
				GCC_WARN_UNUSED_VARIABLE = YES;
				IPHONEOS_DEPLOYMENT_TARGET = 16.2;
				MTL_ENABLE_DEBUG_INFO = NO;
				MTL_FAST_MATH = YES;
				SDKROOT = iphoneos;
				SWIFT_COMPILATION_MODE = wholemodule;
				SWIFT_OPTIMIZATION_LEVEL = "-O";
				VALIDATE_PRODUCT = YES;
			};
			name = Release;
		};
		8C309E422B95D32700F2795E /* Debug */ = {
			isa = XCBuildConfiguration;
			baseConfigurationReference = B254480486C2022830F6FABD /* Pods-ios_swift_clean_architecture.debug.xcconfig */;
			buildSettings = {
				ASSETCATALOG_COMPILER_APPICON_NAME = AppIcon;
				ASSETCATALOG_COMPILER_GLOBAL_ACCENT_COLOR_NAME = AccentColor;
				CODE_SIGN_STYLE = Automatic;
				CURRENT_PROJECT_VERSION = 1;
				GENERATE_INFOPLIST_FILE = YES;
				INFOPLIST_FILE = ios_swift_clean_architecture/Info.plist;
				INFOPLIST_KEY_UIApplicationSupportsIndirectInputEvents = YES;
				INFOPLIST_KEY_UILaunchStoryboardName = LaunchScreen;
				INFOPLIST_KEY_UIMainStoryboardFile = Main;
				INFOPLIST_KEY_UISupportedInterfaceOrientations = UIInterfaceOrientationPortrait;
				INFOPLIST_KEY_UISupportedInterfaceOrientations_iPad = "UIInterfaceOrientationLandscapeLeft UIInterfaceOrientationLandscapeRight UIInterfaceOrientationPortrait UIInterfaceOrientationPortraitUpsideDown";
				LD_RUNPATH_SEARCH_PATHS = (
					"$(inherited)",
					"@executable_path/Frameworks",
				);
				MARKETING_VERSION = 1.0;
				PRODUCT_BUNDLE_IDENTIFIER = "com.architecture.ios-swift-clean-architecture";
				PRODUCT_NAME = "$(TARGET_NAME)";
				SUPPORTED_PLATFORMS = "iphoneos iphonesimulator";
				SUPPORTS_MACCATALYST = NO;
				SUPPORTS_MAC_DESIGNED_FOR_IPHONE_IPAD = YES;
				SWIFT_EMIT_LOC_STRINGS = YES;
				SWIFT_VERSION = 5.0;
				TARGETED_DEVICE_FAMILY = 1;
			};
			name = Debug;
		};
		8C309E432B95D32700F2795E /* Release */ = {
			isa = XCBuildConfiguration;
			baseConfigurationReference = 9512E01A1989F1F2D5A31B7B /* Pods-ios_swift_clean_architecture.release.xcconfig */;
			buildSettings = {
				ASSETCATALOG_COMPILER_APPICON_NAME = AppIcon;
				ASSETCATALOG_COMPILER_GLOBAL_ACCENT_COLOR_NAME = AccentColor;
				CODE_SIGN_STYLE = Automatic;
				CURRENT_PROJECT_VERSION = 1;
				GENERATE_INFOPLIST_FILE = YES;
				INFOPLIST_FILE = ios_swift_clean_architecture/Info.plist;
				INFOPLIST_KEY_UIApplicationSupportsIndirectInputEvents = YES;
				INFOPLIST_KEY_UILaunchStoryboardName = LaunchScreen;
				INFOPLIST_KEY_UIMainStoryboardFile = Main;
				INFOPLIST_KEY_UISupportedInterfaceOrientations = UIInterfaceOrientationPortrait;
				INFOPLIST_KEY_UISupportedInterfaceOrientations_iPad = "UIInterfaceOrientationLandscapeLeft UIInterfaceOrientationLandscapeRight UIInterfaceOrientationPortrait UIInterfaceOrientationPortraitUpsideDown";
				LD_RUNPATH_SEARCH_PATHS = (
					"$(inherited)",
					"@executable_path/Frameworks",
				);
				MARKETING_VERSION = 1.0;
				PRODUCT_BUNDLE_IDENTIFIER = "com.architecture.ios-swift-clean-architecture";
				PRODUCT_NAME = "$(TARGET_NAME)";
				SUPPORTED_PLATFORMS = "iphoneos iphonesimulator";
				SUPPORTS_MACCATALYST = NO;
				SUPPORTS_MAC_DESIGNED_FOR_IPHONE_IPAD = YES;
				SWIFT_EMIT_LOC_STRINGS = YES;
				SWIFT_VERSION = 5.0;
				TARGETED_DEVICE_FAMILY = 1;
			};
			name = Release;
		};
/* End XCBuildConfiguration section */

/* Begin XCConfigurationList section */
		8C309E282B95D32200F2795E /* Build configuration list for PBXProject "ios_swift_clean_architecture" */ = {
			isa = XCConfigurationList;
			buildConfigurations = (
				8C309E3F2B95D32700F2795E /* Debug */,
				8C309E402B95D32700F2795E /* Release */,
			);
			defaultConfigurationIsVisible = 0;
			defaultConfigurationName = Release;
		};
		8C309E412B95D32700F2795E /* Build configuration list for PBXNativeTarget "ios_swift_clean_architecture" */ = {
			isa = XCConfigurationList;
			buildConfigurations = (
				8C309E422B95D32700F2795E /* Debug */,
				8C309E432B95D32700F2795E /* Release */,
			);
			defaultConfigurationIsVisible = 0;
			defaultConfigurationName = Release;
		};
/* End XCConfigurationList section */
	};
	rootObject = 8C309E252B95D32200F2795E /* Project object */;
}
